// !$*UTF8*$!
{
	archiveVersion = 1;
	classes = {
	};
	objectVersion = 46;
	objects = {

/* Begin PBXBuildFile section */
		D75B3295190ECC17003B82C0 /* Foundation.framework in Frameworks */ = {isa = PBXBuildFile; fileRef = D75B3294190ECC17003B82C0 /* Foundation.framework */; };
		D75B3297190ECC17003B82C0 /* CoreGraphics.framework in Frameworks */ = {isa = PBXBuildFile; fileRef = D75B3296190ECC17003B82C0 /* CoreGraphics.framework */; };
		D75B3299190ECC17003B82C0 /* UIKit.framework in Frameworks */ = {isa = PBXBuildFile; fileRef = D75B3298190ECC17003B82C0 /* UIKit.framework */; };
		D75B329F190ECC17003B82C0 /* InfoPlist.strings in Resources */ = {isa = PBXBuildFile; fileRef = D75B329D190ECC17003B82C0 /* InfoPlist.strings */; };
		D75B32A1190ECC17003B82C0 /* main.m in Sources */ = {isa = PBXBuildFile; fileRef = D75B32A0190ECC17003B82C0 /* main.m */; };
		D75B32A5190ECC17003B82C0 /* TPAppDelegate.m in Sources */ = {isa = PBXBuildFile; fileRef = D75B32A4190ECC17003B82C0 /* TPAppDelegate.m */; };
		D75B32A8190ECC17003B82C0 /* Main.storyboard in Resources */ = {isa = PBXBuildFile; fileRef = D75B32A6190ECC17003B82C0 /* Main.storyboard */; };
		D75B32AB190ECC17003B82C0 /* TPViewController.m in Sources */ = {isa = PBXBuildFile; fileRef = D75B32AA190ECC17003B82C0 /* TPViewController.m */; };
		D75B32AD190ECC17003B82C0 /* Images.xcassets in Resources */ = {isa = PBXBuildFile; fileRef = D75B32AC190ECC17003B82C0 /* Images.xcassets */; };
		D75B32B4190ECC17003B82C0 /* XCTest.framework in Frameworks */ = {isa = PBXBuildFile; fileRef = D75B32B3190ECC17003B82C0 /* XCTest.framework */; };
		D75B32B5190ECC17003B82C0 /* Foundation.framework in Frameworks */ = {isa = PBXBuildFile; fileRef = D75B3294190ECC17003B82C0 /* Foundation.framework */; };
		D75B32B6190ECC17003B82C0 /* UIKit.framework in Frameworks */ = {isa = PBXBuildFile; fileRef = D75B3298190ECC17003B82C0 /* UIKit.framework */; };
		D75B32BE190ECC17003B82C0 /* InfoPlist.strings in Resources */ = {isa = PBXBuildFile; fileRef = D75B32BC190ECC17003B82C0 /* InfoPlist.strings */; };
		D75B32C0190ECC17003B82C0 /* StashTests.m in Sources */ = {isa = PBXBuildFile; fileRef = D75B32BF190ECC17003B82C0 /* StashTests.m */; };
/* End PBXBuildFile section */

/* Begin PBXContainerItemProxy section */
		D75B32B7190ECC17003B82C0 /* PBXContainerItemProxy */ = {
			isa = PBXContainerItemProxy;
			containerPortal = D75B3289190ECC17003B82C0 /* Project object */;
			proxyType = 1;
			remoteGlobalIDString = D75B3290190ECC17003B82C0;
			remoteInfo = Stash;
		};
/* End PBXContainerItemProxy section */

/* Begin PBXFileReference section */
		D75B3291190ECC17003B82C0 /* Stash.app */ = {isa = PBXFileReference; explicitFileType = wrapper.application; includeInIndex = 0; path = Stash.app; sourceTree = BUILT_PRODUCTS_DIR; };
		D75B3294190ECC17003B82C0 /* Foundation.framework */ = {isa = PBXFileReference; lastKnownFileType = wrapper.framework; name = Foundation.framework; path = System/Library/Frameworks/Foundation.framework; sourceTree = SDKROOT; };
		D75B3296190ECC17003B82C0 /* CoreGraphics.framework */ = {isa = PBXFileReference; lastKnownFileType = wrapper.framework; name = CoreGraphics.framework; path = System/Library/Frameworks/CoreGraphics.framework; sourceTree = SDKROOT; };
		D75B3298190ECC17003B82C0 /* UIKit.framework */ = {isa = PBXFileReference; lastKnownFileType = wrapper.framework; name = UIKit.framework; path = System/Library/Frameworks/UIKit.framework; sourceTree = SDKROOT; };
		D75B329C190ECC17003B82C0 /* Stash-Info.plist */ = {isa = PBXFileReference; lastKnownFileType = text.plist.xml; path = "Stash-Info.plist"; sourceTree = "<group>"; };
		D75B329E190ECC17003B82C0 /* en */ = {isa = PBXFileReference; lastKnownFileType = text.plist.strings; name = en; path = en.lproj/InfoPlist.strings; sourceTree = "<group>"; };
		D75B32A0190ECC17003B82C0 /* main.m */ = {isa = PBXFileReference; lastKnownFileType = sourcecode.c.objc; path = main.m; sourceTree = "<group>"; };
		D75B32A2190ECC17003B82C0 /* Stash-Prefix.pch */ = {isa = PBXFileReference; lastKnownFileType = sourcecode.c.h; path = "Stash-Prefix.pch"; sourceTree = "<group>"; };
		D75B32A3190ECC17003B82C0 /* TPAppDelegate.h */ = {isa = PBXFileReference; lastKnownFileType = sourcecode.c.h; path = TPAppDelegate.h; sourceTree = "<group>"; };
		D75B32A4190ECC17003B82C0 /* TPAppDelegate.m */ = {isa = PBXFileReference; lastKnownFileType = sourcecode.c.objc; path = TPAppDelegate.m; sourceTree = "<group>"; };
		D75B32A7190ECC17003B82C0 /* Base */ = {isa = PBXFileReference; lastKnownFileType = file.storyboard; name = Base; path = Base.lproj/Main.storyboard; sourceTree = "<group>"; };
		D75B32A9190ECC17003B82C0 /* TPViewController.h */ = {isa = PBXFileReference; lastKnownFileType = sourcecode.c.h; path = TPViewController.h; sourceTree = "<group>"; };
		D75B32AA190ECC17003B82C0 /* TPViewController.m */ = {isa = PBXFileReference; lastKnownFileType = sourcecode.c.objc; path = TPViewController.m; sourceTree = "<group>"; };
		D75B32AC190ECC17003B82C0 /* Images.xcassets */ = {isa = PBXFileReference; lastKnownFileType = folder.assetcatalog; path = Images.xcassets; sourceTree = "<group>"; };
		D75B32B2190ECC17003B82C0 /* StashTests.xctest */ = {isa = PBXFileReference; explicitFileType = wrapper.cfbundle; includeInIndex = 0; path = StashTests.xctest; sourceTree = BUILT_PRODUCTS_DIR; };
		D75B32B3190ECC17003B82C0 /* XCTest.framework */ = {isa = PBXFileReference; lastKnownFileType = wrapper.framework; name = XCTest.framework; path = Library/Frameworks/XCTest.framework; sourceTree = DEVELOPER_DIR; };
		D75B32BB190ECC17003B82C0 /* StashTests-Info.plist */ = {isa = PBXFileReference; lastKnownFileType = text.plist.xml; path = "StashTests-Info.plist"; sourceTree = "<group>"; };
		D75B32BD190ECC17003B82C0 /* en */ = {isa = PBXFileReference; lastKnownFileType = text.plist.strings; name = en; path = en.lproj/InfoPlist.strings; sourceTree = "<group>"; };
		D75B32BF190ECC17003B82C0 /* StashTests.m */ = {isa = PBXFileReference; lastKnownFileType = sourcecode.c.objc; path = StashTests.m; sourceTree = "<group>"; };
/* End PBXFileReference section */

/* Begin PBXFrameworksBuildPhase section */
		D75B328E190ECC17003B82C0 /* Frameworks */ = {
			isa = PBXFrameworksBuildPhase;
			buildActionMask = 2147483647;
			files = (
				D75B3297190ECC17003B82C0 /* CoreGraphics.framework in Frameworks */,
				D75B3299190ECC17003B82C0 /* UIKit.framework in Frameworks */,
				D75B3295190ECC17003B82C0 /* Foundation.framework in Frameworks */,
			);
			runOnlyForDeploymentPostprocessing = 0;
		};
		D75B32AF190ECC17003B82C0 /* Frameworks */ = {
			isa = PBXFrameworksBuildPhase;
			buildActionMask = 2147483647;
			files = (
				D75B32B4190ECC17003B82C0 /* XCTest.framework in Frameworks */,
				D75B32B6190ECC17003B82C0 /* UIKit.framework in Frameworks */,
				D75B32B5190ECC17003B82C0 /* Foundation.framework in Frameworks */,
			);
			runOnlyForDeploymentPostprocessing = 0;
		};
/* End PBXFrameworksBuildPhase section */

/* Begin PBXGroup section */
		D75B3288190ECC17003B82C0 = {
			isa = PBXGroup;
			children = (
				D75B329A190ECC17003B82C0 /* Stash */,
				D75B32B9190ECC17003B82C0 /* StashTests */,
				D75B3293190ECC17003B82C0 /* Frameworks */,
				D75B3292190ECC17003B82C0 /* Products */,
			);
			sourceTree = "<group>";
		};
		D75B3292190ECC17003B82C0 /* Products */ = {
			isa = PBXGroup;
			children = (
				D75B3291190ECC17003B82C0 /* Stash.app */,
				D75B32B2190ECC17003B82C0 /* StashTests.xctest */,
			);
			name = Products;
			sourceTree = "<group>";
		};
		D75B3293190ECC17003B82C0 /* Frameworks */ = {
			isa = PBXGroup;
			children = (
				D75B3294190ECC17003B82C0 /* Foundation.framework */,
				D75B3296190ECC17003B82C0 /* CoreGraphics.framework */,
				D75B3298190ECC17003B82C0 /* UIKit.framework */,
				D75B32B3190ECC17003B82C0 /* XCTest.framework */,
			);
			name = Frameworks;
			sourceTree = "<group>";
		};
		D75B329A190ECC17003B82C0 /* Stash */ = {
			isa = PBXGroup;
			children = (
				D75B32A3190ECC17003B82C0 /* TPAppDelegate.h */,
				D75B32A4190ECC17003B82C0 /* TPAppDelegate.m */,
				D75B32A6190ECC17003B82C0 /* Main.storyboard */,
				D75B32A9190ECC17003B82C0 /* TPViewController.h */,
				D75B32AA190ECC17003B82C0 /* TPViewController.m */,
				D75B32AC190ECC17003B82C0 /* Images.xcassets */,
				D75B329B190ECC17003B82C0 /* Supporting Files */,
			);
			path = Stash;
			sourceTree = "<group>";
		};
		D75B329B190ECC17003B82C0 /* Supporting Files */ = {
			isa = PBXGroup;
			children = (
				D75B329C190ECC17003B82C0 /* Stash-Info.plist */,
				D75B329D190ECC17003B82C0 /* InfoPlist.strings */,
				D75B32A0190ECC17003B82C0 /* main.m */,
				D75B32A2190ECC17003B82C0 /* Stash-Prefix.pch */,
			);
			name = "Supporting Files";
			sourceTree = "<group>";
		};
		D75B32B9190ECC17003B82C0 /* StashTests */ = {
			isa = PBXGroup;
			children = (
				D75B32BF190ECC17003B82C0 /* StashTests.m */,
				D75B32BA190ECC17003B82C0 /* Supporting Files */,
			);
			path = StashTests;
			sourceTree = "<group>";
		};
		D75B32BA190ECC17003B82C0 /* Supporting Files */ = {
			isa = PBXGroup;
			children = (
				D75B32BB190ECC17003B82C0 /* StashTests-Info.plist */,
				D75B32BC190ECC17003B82C0 /* InfoPlist.strings */,
			);
			name = "Supporting Files";
			sourceTree = "<group>";
		};
/* End PBXGroup section */

/* Begin PBXNativeTarget section */
		D75B3290190ECC17003B82C0 /* Stash */ = {
			isa = PBXNativeTarget;
			buildConfigurationList = D75B32C3190ECC17003B82C0 /* Build configuration list for PBXNativeTarget "Stash" */;
			buildPhases = (
				D75B328D190ECC17003B82C0 /* Sources */,
				D75B328E190ECC17003B82C0 /* Frameworks */,
				D75B328F190ECC17003B82C0 /* Resources */,
			);
			buildRules = (
			);
			dependencies = (
			);
			name = Stash;
			productName = Stash;
			productReference = D75B3291190ECC17003B82C0 /* Stash.app */;
			productType = "com.apple.product-type.application";
		};
		D75B32B1190ECC17003B82C0 /* StashTests */ = {
			isa = PBXNativeTarget;
			buildConfigurationList = D75B32C6190ECC17003B82C0 /* Build configuration list for PBXNativeTarget "StashTests" */;
			buildPhases = (
				D75B32AE190ECC17003B82C0 /* Sources */,
				D75B32AF190ECC17003B82C0 /* Frameworks */,
				D75B32B0190ECC17003B82C0 /* Resources */,
			);
			buildRules = (
			);
			dependencies = (
				D75B32B8190ECC17003B82C0 /* PBXTargetDependency */,
			);
			name = StashTests;
			productName = StashTests;
			productReference = D75B32B2190ECC17003B82C0 /* StashTests.xctest */;
			productType = "com.apple.product-type.bundle.unit-test";
		};
/* End PBXNativeTarget section */

/* Begin PBXProject section */
		D75B3289190ECC17003B82C0 /* Project object */ = {
			isa = PBXProject;
			attributes = {
				CLASSPREFIX = TP;
				LastUpgradeCheck = 0510;
				ORGANIZATIONNAME = potter.io;
				TargetAttributes = {
					D75B32B1190ECC17003B82C0 = {
						TestTargetID = D75B3290190ECC17003B82C0;
					};
				};
			};
			buildConfigurationList = D75B328C190ECC17003B82C0 /* Build configuration list for PBXProject "Stash" */;
			compatibilityVersion = "Xcode 3.2";
			developmentRegion = English;
			hasScannedForEncodings = 0;
			knownRegions = (
				en,
				Base,
			);
			mainGroup = D75B3288190ECC17003B82C0;
			productRefGroup = D75B3292190ECC17003B82C0 /* Products */;
			projectDirPath = "";
			projectRoot = "";
			targets = (
				D75B3290190ECC17003B82C0 /* Stash */,
				D75B32B1190ECC17003B82C0 /* StashTests */,
			);
		};
/* End PBXProject section */

/* Begin PBXResourcesBuildPhase section */
		D75B328F190ECC17003B82C0 /* Resources */ = {
			isa = PBXResourcesBuildPhase;
			buildActionMask = 2147483647;
			files = (
				D75B32AD190ECC17003B82C0 /* Images.xcassets in Resources */,
				D75B329F190ECC17003B82C0 /* InfoPlist.strings in Resources */,
				D75B32A8190ECC17003B82C0 /* Main.storyboard in Resources */,
			);
			runOnlyForDeploymentPostprocessing = 0;
		};
		D75B32B0190ECC17003B82C0 /* Resources */ = {
			isa = PBXResourcesBuildPhase;
			buildActionMask = 2147483647;
			files = (
				D75B32BE190ECC17003B82C0 /* InfoPlist.strings in Resources */,
			);
			runOnlyForDeploymentPostprocessing = 0;
		};
/* End PBXResourcesBuildPhase section */

/* Begin PBXSourcesBuildPhase section */
		D75B328D190ECC17003B82C0 /* Sources */ = {
			isa = PBXSourcesBuildPhase;
			buildActionMask = 2147483647;
			files = (
				D75B32AB190ECC17003B82C0 /* TPViewController.m in Sources */,
				D75B32A5190ECC17003B82C0 /* TPAppDelegate.m in Sources */,
				D75B32A1190ECC17003B82C0 /* main.m in Sources */,
			);
			runOnlyForDeploymentPostprocessing = 0;
		};
		D75B32AE190ECC17003B82C0 /* Sources */ = {
			isa = PBXSourcesBuildPhase;
			buildActionMask = 2147483647;
			files = (
				D75B32C0190ECC17003B82C0 /* StashTests.m in Sources */,
			);
			runOnlyForDeploymentPostprocessing = 0;
		};
/* End PBXSourcesBuildPhase section */

/* Begin PBXTargetDependency section */
		D75B32B8190ECC17003B82C0 /* PBXTargetDependency */ = {
			isa = PBXTargetDependency;
			target = D75B3290190ECC17003B82C0 /* Stash */;
			targetProxy = D75B32B7190ECC17003B82C0 /* PBXContainerItemProxy */;
		};
/* End PBXTargetDependency section */

/* Begin PBXVariantGroup section */
		D75B329D190ECC17003B82C0 /* InfoPlist.strings */ = {
			isa = PBXVariantGroup;
			children = (
				D75B329E190ECC17003B82C0 /* en */,
			);
			name = InfoPlist.strings;
			sourceTree = "<group>";
		};
		D75B32A6190ECC17003B82C0 /* Main.storyboard */ = {
			isa = PBXVariantGroup;
			children = (
				D75B32A7190ECC17003B82C0 /* Base */,
			);
			name = Main.storyboard;
			sourceTree = "<group>";
		};
		D75B32BC190ECC17003B82C0 /* InfoPlist.strings */ = {
			isa = PBXVariantGroup;
			children = (
				D75B32BD190ECC17003B82C0 /* en */,
			);
			name = InfoPlist.strings;
			sourceTree = "<group>";
		};
/* End PBXVariantGroup section */

/* Begin XCBuildConfiguration section */
		D75B32C1190ECC17003B82C0 /* Debug */ = {
			isa = XCBuildConfiguration;
			buildSettings = {
				ALWAYS_SEARCH_USER_PATHS = NO;
				CLANG_CXX_LANGUAGE_STANDARD = "gnu++0x";
				CLANG_CXX_LIBRARY = "libc++";
				CLANG_ENABLE_MODULES = YES;
				CLANG_ENABLE_OBJC_ARC = YES;
				CLANG_WARN_BOOL_CONVERSION = YES;
				CLANG_WARN_CONSTANT_CONVERSION = YES;
				CLANG_WARN_DIRECT_OBJC_ISA_USAGE = YES_ERROR;
				CLANG_WARN_EMPTY_BODY = YES;
				CLANG_WARN_ENUM_CONVERSION = YES;
				CLANG_WARN_INT_CONVERSION = YES;
				CLANG_WARN_OBJC_ROOT_CLASS = YES_ERROR;
				CLANG_WARN__DUPLICATE_METHOD_MATCH = YES;
				"CODE_SIGN_IDENTITY[sdk=iphoneos*]" = "iPhone Developer";
				COPY_PHASE_STRIP = NO;
				GCC_C_LANGUAGE_STANDARD = gnu99;
				GCC_DYNAMIC_NO_PIC = NO;
				GCC_OPTIMIZATION_LEVEL = 0;
				GCC_PREPROCESSOR_DEFINITIONS = (
					"DEBUG=1",
					"$(inherited)",
				);
				GCC_SYMBOLS_PRIVATE_EXTERN = NO;
				GCC_WARN_64_TO_32_BIT_CONVERSION = YES;
				GCC_WARN_ABOUT_RETURN_TYPE = YES_ERROR;
				GCC_WARN_UNDECLARED_SELECTOR = YES;
				GCC_WARN_UNINITIALIZED_AUTOS = YES_AGGRESSIVE;
				GCC_WARN_UNUSED_FUNCTION = YES;
				GCC_WARN_UNUSED_VARIABLE = YES;
				IPHONEOS_DEPLOYMENT_TARGET = 7.1;
				ONLY_ACTIVE_ARCH = YES;
				SDKROOT = iphoneos;
			};
			name = Debug;
		};
		D75B32C2190ECC17003B82C0 /* Release */ = {
			isa = XCBuildConfiguration;
			buildSettings = {
				ALWAYS_SEARCH_USER_PATHS = NO;
				CLANG_CXX_LANGUAGE_STANDARD = "gnu++0x";
				CLANG_CXX_LIBRARY = "libc++";
				CLANG_ENABLE_MODULES = YES;
				CLANG_ENABLE_OBJC_ARC = YES;
				CLANG_WARN_BOOL_CONVERSION = YES;
				CLANG_WARN_CONSTANT_CONVERSION = YES;
				CLANG_WARN_DIRECT_OBJC_ISA_USAGE = YES_ERROR;
				CLANG_WARN_EMPTY_BODY = YES;
				CLANG_WARN_ENUM_CONVERSION = YES;
				CLANG_WARN_INT_CONVERSION = YES;
				CLANG_WARN_OBJC_ROOT_CLASS = YES_ERROR;
				CLANG_WARN__DUPLICATE_METHOD_MATCH = YES;
				"CODE_SIGN_IDENTITY[sdk=iphoneos*]" = "iPhone Developer";
				COPY_PHASE_STRIP = YES;
				ENABLE_NS_ASSERTIONS = NO;
				GCC_C_LANGUAGE_STANDARD = gnu99;
				GCC_WARN_64_TO_32_BIT_CONVERSION = YES;
				GCC_WARN_ABOUT_RETURN_TYPE = YES_ERROR;
				GCC_WARN_UNDECLARED_SELECTOR = YES;
				GCC_WARN_UNINITIALIZED_AUTOS = YES_AGGRESSIVE;
				GCC_WARN_UNUSED_FUNCTION = YES;
				GCC_WARN_UNUSED_VARIABLE = YES;
				IPHONEOS_DEPLOYMENT_TARGET = 7.1;
				SDKROOT = iphoneos;
				VALIDATE_PRODUCT = YES;
			};
			name = Release;
		};
		D75B32C4190ECC17003B82C0 /* Debug */ = {
			isa = XCBuildConfiguration;
			buildSettings = {
				ASSETCATALOG_COMPILER_APPICON_NAME = AppIcon;
				ASSETCATALOG_COMPILER_LAUNCHIMAGE_NAME = LaunchImage;
				GCC_PRECOMPILE_PREFIX_HEADER = YES;
				GCC_PREFIX_HEADER = "Stash/Stash-Prefix.pch";
				INFOPLIST_FILE = "Stash/Stash-Info.plist";
				PRODUCT_NAME = "$(TARGET_NAME)";
				WRAPPER_EXTENSION = app;
			};
			name = Debug;
		};
		D75B32C5190ECC17003B82C0 /* Release */ = {
			isa = XCBuildConfiguration;
			buildSettings = {
				ASSETCATALOG_COMPILER_APPICON_NAME = AppIcon;
				ASSETCATALOG_COMPILER_LAUNCHIMAGE_NAME = LaunchImage;
				GCC_PRECOMPILE_PREFIX_HEADER = YES;
				GCC_PREFIX_HEADER = "Stash/Stash-Prefix.pch";
				INFOPLIST_FILE = "Stash/Stash-Info.plist";
				PRODUCT_NAME = "$(TARGET_NAME)";
				WRAPPER_EXTENSION = app;
			};
			name = Release;
		};
		D75B32C7190ECC17003B82C0 /* Debug */ = {
			isa = XCBuildConfiguration;
			buildSettings = {
				BUNDLE_LOADER = "$(BUILT_PRODUCTS_DIR)/Stash.app/Stash";
				FRAMEWORK_SEARCH_PATHS = (
					"$(SDKROOT)/Developer/Library/Frameworks",
					"$(inherited)",
					"$(DEVELOPER_FRAMEWORKS_DIR)",
				);
				GCC_PRECOMPILE_PREFIX_HEADER = YES;
				GCC_PREFIX_HEADER = "Stash/Stash-Prefix.pch";
				GCC_PREPROCESSOR_DEFINITIONS = (
					"DEBUG=1",
					"$(inherited)",
				);
				INFOPLIST_FILE = "StashTests/StashTests-Info.plist";
				PRODUCT_NAME = "$(TARGET_NAME)";
				TEST_HOST = "$(BUNDLE_LOADER)";
				WRAPPER_EXTENSION = xctest;
			};
			name = Debug;
		};
		D75B32C8190ECC17003B82C0 /* Release */ = {
			isa = XCBuildConfiguration;
			buildSettings = {
				BUNDLE_LOADER = "$(BUILT_PRODUCTS_DIR)/Stash.app/Stash";
				FRAMEWORK_SEARCH_PATHS = (
					"$(SDKROOT)/Developer/Library/Frameworks",
					"$(inherited)",
					"$(DEVELOPER_FRAMEWORKS_DIR)",
				);
				GCC_PRECOMPILE_PREFIX_HEADER = YES;
				GCC_PREFIX_HEADER = "Stash/Stash-Prefix.pch";
				INFOPLIST_FILE = "StashTests/StashTests-Info.plist";
				PRODUCT_NAME = "$(TARGET_NAME)";
				TEST_HOST = "$(BUNDLE_LOADER)";
				WRAPPER_EXTENSION = xctest;
			};
			name = Release;
		};
/* End XCBuildConfiguration section */

/* Begin XCConfigurationList section */
		D75B328C190ECC17003B82C0 /* Build configuration list for PBXProject "Stash" */ = {
			isa = XCConfigurationList;
			buildConfigurations = (
				D75B32C1190ECC17003B82C0 /* Debug */,
				D75B32C2190ECC17003B82C0 /* Release */,
			);
			defaultConfigurationIsVisible = 0;
			defaultConfigurationName = Release;
		};
		D75B32C3190ECC17003B82C0 /* Build configuration list for PBXNativeTarget "Stash" */ = {
			isa = XCConfigurationList;
			buildConfigurations = (
				D75B32C4190ECC17003B82C0 /* Debug */,
				D75B32C5190ECC17003B82C0 /* Release */,
			);
			defaultConfigurationIsVisible = 0;
		};
		D75B32C6190ECC17003B82C0 /* Build configuration list for PBXNativeTarget "StashTests" */ = {
			isa = XCConfigurationList;
			buildConfigurations = (
				D75B32C7190ECC17003B82C0 /* Debug */,
				D75B32C8190ECC17003B82C0 /* Release */,
			);
			defaultConfigurationIsVisible = 0;
		};
/* End XCConfigurationList section */
	};
	rootObject = D75B3289190ECC17003B82C0 /* Project object */;
}
